// !$*UTF8*$!
{
	archiveVersion = 1;
	classes = {
	};
	objectVersion = 55;
	objects = {

/* Begin PBXBuildFile section */
		0767E589281202A3007CF6E7 /* AppDelegate.swift in Sources */ = {isa = PBXBuildFile; fileRef = 0767E588281202A3007CF6E7 /* AppDelegate.swift */; };
		0767E58B281202A3007CF6E7 /* SceneDelegate.swift in Sources */ = {isa = PBXBuildFile; fileRef = 0767E58A281202A3007CF6E7 /* SceneDelegate.swift */; };
		0767E58D281202A3007CF6E7 /* FoodTrucksViewController.swift in Sources */ = {isa = PBXBuildFile; fileRef = 0767E58C281202A3007CF6E7 /* FoodTrucksViewController.swift */; };
		0767E590281202A3007CF6E7 /* Main.storyboard in Resources */ = {isa = PBXBuildFile; fileRef = 0767E58E281202A3007CF6E7 /* Main.storyboard */; };
		0767E592281202A4007CF6E7 /* Assets.xcassets in Resources */ = {isa = PBXBuildFile; fileRef = 0767E591281202A4007CF6E7 /* Assets.xcassets */; };
		0767E595281202A4007CF6E7 /* LaunchScreen.storyboard in Resources */ = {isa = PBXBuildFile; fileRef = 0767E593281202A4007CF6E7 /* LaunchScreen.storyboard */; };
		0767E59D28120884007CF6E7 /* FoodTrucksListViewController.swift in Sources */ = {isa = PBXBuildFile; fileRef = 0767E59C28120884007CF6E7 /* FoodTrucksListViewController.swift */; };
		0767E59F281208A6007CF6E7 /* FoodTrucksMapViewController.swift in Sources */ = {isa = PBXBuildFile; fileRef = 0767E59E281208A6007CF6E7 /* FoodTrucksMapViewController.swift */; };
		0767E5A5281211D3007CF6E7 /* APIClient.swift in Sources */ = {isa = PBXBuildFile; fileRef = 0767E5A4281211D3007CF6E7 /* APIClient.swift */; };
		0767E5A72812320C007CF6E7 /* FoodTruckDetailsView.swift in Sources */ = {isa = PBXBuildFile; fileRef = 0767E5A62812320C007CF6E7 /* FoodTruckDetailsView.swift */; };
		0767E5A928123335007CF6E7 /* FoodTruckDetailsViewModel.swift in Sources */ = {isa = PBXBuildFile; fileRef = 0767E5A828123335007CF6E7 /* FoodTruckDetailsViewModel.swift */; };
		0767E5AB2812334F007CF6E7 /* FoodTruck.swift in Sources */ = {isa = PBXBuildFile; fileRef = 0767E5AA2812334F007CF6E7 /* FoodTruck.swift */; };
		0767E5AD2812F781007CF6E7 /* FoodTrucksViewModel.swift in Sources */ = {isa = PBXBuildFile; fileRef = 0767E5AC2812F781007CF6E7 /* FoodTrucksViewModel.swift */; };
		0767E5AF2812FDF0007CF6E7 /* FoodTruckDetailsViewTableCell.swift in Sources */ = {isa = PBXBuildFile; fileRef = 0767E5AE2812FDF0007CF6E7 /* FoodTruckDetailsViewTableCell.swift */; };
		0767E5B6281357B2007CF6E7 /* MapKit.framework in Frameworks */ = {isa = PBXBuildFile; fileRef = 0767E5B5281357B2007CF6E7 /* MapKit.framework */; };
		0767E5B828135B9B007CF6E7 /* FoodTruckMapAnnotation.swift in Sources */ = {isa = PBXBuildFile; fileRef = 0767E5B728135B9B007CF6E7 /* FoodTruckMapAnnotation.swift */; };
		0791E78528159D1D008CB250 /* AppSettings.swift in Sources */ = {isa = PBXBuildFile; fileRef = 0791E78428159D1D008CB250 /* AppSettings.swift */; };
		0791E78828159F3B008CB250 /* Date+Helpers.swift in Sources */ = {isa = PBXBuildFile; fileRef = 0791E78728159F3B008CB250 /* Date+Helpers.swift */; };
/* End PBXBuildFile section */

/* Begin PBXFileReference section */
		0767E585281202A3007CF6E7 /* FoodTrucks.app */ = {isa = PBXFileReference; explicitFileType = wrapper.application; includeInIndex = 0; path = FoodTrucks.app; sourceTree = BUILT_PRODUCTS_DIR; };
		0767E588281202A3007CF6E7 /* AppDelegate.swift */ = {isa = PBXFileReference; lastKnownFileType = sourcecode.swift; path = AppDelegate.swift; sourceTree = "<group>"; };
		0767E58A281202A3007CF6E7 /* SceneDelegate.swift */ = {isa = PBXFileReference; lastKnownFileType = sourcecode.swift; path = SceneDelegate.swift; sourceTree = "<group>"; };
		0767E58C281202A3007CF6E7 /* FoodTrucksViewController.swift */ = {isa = PBXFileReference; lastKnownFileType = sourcecode.swift; path = FoodTrucksViewController.swift; sourceTree = "<group>"; };
		0767E58F281202A3007CF6E7 /* Base */ = {isa = PBXFileReference; lastKnownFileType = file.storyboard; name = Base; path = Base.lproj/Main.storyboard; sourceTree = "<group>"; };
		0767E591281202A4007CF6E7 /* Assets.xcassets */ = {isa = PBXFileReference; lastKnownFileType = folder.assetcatalog; path = Assets.xcassets; sourceTree = "<group>"; };
		0767E594281202A4007CF6E7 /* Base */ = {isa = PBXFileReference; lastKnownFileType = file.storyboard; name = Base; path = Base.lproj/LaunchScreen.storyboard; sourceTree = "<group>"; };
		0767E596281202A4007CF6E7 /* Info.plist */ = {isa = PBXFileReference; lastKnownFileType = text.plist.xml; path = Info.plist; sourceTree = "<group>"; };
		0767E59C28120884007CF6E7 /* FoodTrucksListViewController.swift */ = {isa = PBXFileReference; lastKnownFileType = sourcecode.swift; path = FoodTrucksListViewController.swift; sourceTree = "<group>"; };
		0767E59E281208A6007CF6E7 /* FoodTrucksMapViewController.swift */ = {isa = PBXFileReference; lastKnownFileType = sourcecode.swift; path = FoodTrucksMapViewController.swift; sourceTree = "<group>"; };
		0767E5A4281211D3007CF6E7 /* APIClient.swift */ = {isa = PBXFileReference; lastKnownFileType = sourcecode.swift; path = APIClient.swift; sourceTree = "<group>"; };
		0767E5A62812320C007CF6E7 /* FoodTruckDetailsView.swift */ = {isa = PBXFileReference; lastKnownFileType = sourcecode.swift; path = FoodTruckDetailsView.swift; sourceTree = "<group>"; };
		0767E5A828123335007CF6E7 /* FoodTruckDetailsViewModel.swift */ = {isa = PBXFileReference; lastKnownFileType = sourcecode.swift; path = FoodTruckDetailsViewModel.swift; sourceTree = "<group>"; };
		0767E5AA2812334F007CF6E7 /* FoodTruck.swift */ = {isa = PBXFileReference; lastKnownFileType = sourcecode.swift; path = FoodTruck.swift; sourceTree = "<group>"; };
		0767E5AC2812F781007CF6E7 /* FoodTrucksViewModel.swift */ = {isa = PBXFileReference; lastKnownFileType = sourcecode.swift; path = FoodTrucksViewModel.swift; sourceTree = "<group>"; };
		0767E5AE2812FDF0007CF6E7 /* FoodTruckDetailsViewTableCell.swift */ = {isa = PBXFileReference; lastKnownFileType = sourcecode.swift; path = FoodTruckDetailsViewTableCell.swift; sourceTree = "<group>"; };
		0767E5B5281357B2007CF6E7 /* MapKit.framework */ = {isa = PBXFileReference; lastKnownFileType = wrapper.framework; name = MapKit.framework; path = System/Library/Frameworks/MapKit.framework; sourceTree = SDKROOT; };
		0767E5B728135B9B007CF6E7 /* FoodTruckMapAnnotation.swift */ = {isa = PBXFileReference; lastKnownFileType = sourcecode.swift; path = FoodTruckMapAnnotation.swift; sourceTree = "<group>"; };
		0791E78428159D1D008CB250 /* AppSettings.swift */ = {isa = PBXFileReference; lastKnownFileType = sourcecode.swift; path = AppSettings.swift; sourceTree = "<group>"; };
		0791E78728159F3B008CB250 /* Date+Helpers.swift */ = {isa = PBXFileReference; lastKnownFileType = sourcecode.swift; path = "Date+Helpers.swift"; sourceTree = "<group>"; };
/* End PBXFileReference section */

/* Begin PBXFrameworksBuildPhase section */
		0767E582281202A3007CF6E7 /* Frameworks */ = {
			isa = PBXFrameworksBuildPhase;
			buildActionMask = 2147483647;
			files = (
				0767E5B6281357B2007CF6E7 /* MapKit.framework in Frameworks */,
			);
			runOnlyForDeploymentPostprocessing = 0;
		};
/* End PBXFrameworksBuildPhase section */

/* Begin PBXGroup section */
		0767E57C281202A3007CF6E7 = {
			isa = PBXGroup;
			children = (
				0767E587281202A3007CF6E7 /* FoodTrucks */,
				0767E5B4281357B2007CF6E7 /* Frameworks */,
				0767E586281202A3007CF6E7 /* Products */,
			);
			sourceTree = "<group>";
		};
		0767E586281202A3007CF6E7 /* Products */ = {
			isa = PBXGroup;
			children = (
				0767E585281202A3007CF6E7 /* FoodTrucks.app */,
			);
			name = Products;
			sourceTree = "<group>";
		};
		0767E587281202A3007CF6E7 /* FoodTrucks */ = {
			isa = PBXGroup;
			children = (
				0767E596281202A4007CF6E7 /* Info.plist */,
				0767E588281202A3007CF6E7 /* AppDelegate.swift */,
				0767E58A281202A3007CF6E7 /* SceneDelegate.swift */,
				0767E591281202A4007CF6E7 /* Assets.xcassets */,
				0791E78628159F22008CB250 /* Helpers */,
				0767E593281202A4007CF6E7 /* LaunchScreen.storyboard */,
				0767E58E281202A3007CF6E7 /* Main.storyboard */,
				0767E5A128120F2C007CF6E7 /* Models */,
				0767E5A328120F41007CF6E7 /* Networking */,
				0767E5A228120F32007CF6E7 /* ViewModels */,
				0767E5A028120F22007CF6E7 /* Views */,
			);
			path = FoodTrucks;
			sourceTree = "<group>";
		};
		0767E5A028120F22007CF6E7 /* Views */ = {
			isa = PBXGroup;
			children = (
				0767E59C28120884007CF6E7 /* FoodTrucksListViewController.swift */,
				0767E59E281208A6007CF6E7 /* FoodTrucksMapViewController.swift */,
				0767E58C281202A3007CF6E7 /* FoodTrucksViewController.swift */,
				0767E5A62812320C007CF6E7 /* FoodTruckDetailsView.swift */,
				0767E5AE2812FDF0007CF6E7 /* FoodTruckDetailsViewTableCell.swift */,
			);
			path = Views;
			sourceTree = "<group>";
		};
		0767E5A128120F2C007CF6E7 /* Models */ = {
			isa = PBXGroup;
			children = (
				0767E5AA2812334F007CF6E7 /* FoodTruck.swift */,
				0767E5B728135B9B007CF6E7 /* FoodTruckMapAnnotation.swift */,
				0791E78428159D1D008CB250 /* AppSettings.swift */,
			);
			path = Models;
			sourceTree = "<group>";
		};
		0767E5A228120F32007CF6E7 /* ViewModels */ = {
			isa = PBXGroup;
			children = (
				0767E5A828123335007CF6E7 /* FoodTruckDetailsViewModel.swift */,
				0767E5AC2812F781007CF6E7 /* FoodTrucksViewModel.swift */,
			);
			path = ViewModels;
			sourceTree = "<group>";
		};
		0767E5A328120F41007CF6E7 /* Networking */ = {
			isa = PBXGroup;
			children = (
				0767E5A4281211D3007CF6E7 /* APIClient.swift */,
			);
			path = Networking;
			sourceTree = "<group>";
		};
		0767E5B4281357B2007CF6E7 /* Frameworks */ = {
			isa = PBXGroup;
			children = (
				0767E5B5281357B2007CF6E7 /* MapKit.framework */,
			);
			name = Frameworks;
			sourceTree = "<group>";
		};
		0791E78628159F22008CB250 /* Helpers */ = {
			isa = PBXGroup;
			children = (
				0791E78728159F3B008CB250 /* Date+Helpers.swift */,
			);
			path = Helpers;
			sourceTree = "<group>";
		};
/* End PBXGroup section */

/* Begin PBXNativeTarget section */
		0767E584281202A3007CF6E7 /* FoodTrucks */ = {
			isa = PBXNativeTarget;
			buildConfigurationList = 0767E599281202A4007CF6E7 /* Build configuration list for PBXNativeTarget "FoodTrucks" */;
			buildPhases = (
				0767E581281202A3007CF6E7 /* Sources */,
				0767E582281202A3007CF6E7 /* Frameworks */,
				0767E583281202A3007CF6E7 /* Resources */,
			);
			buildRules = (
			);
			dependencies = (
			);
			name = FoodTrucks;
			productName = FoodTrucks;
			productReference = 0767E585281202A3007CF6E7 /* FoodTrucks.app */;
			productType = "com.apple.product-type.application";
		};
/* End PBXNativeTarget section */

/* Begin PBXProject section */
		0767E57D281202A3007CF6E7 /* Project object */ = {
			isa = PBXProject;
			attributes = {
				BuildIndependentTargetsInParallel = 1;
				LastSwiftUpdateCheck = 1330;
				LastUpgradeCheck = 1530;
				TargetAttributes = {
					0767E584281202A3007CF6E7 = {
						CreatedOnToolsVersion = 13.3.1;
					};
				};
			};
			buildConfigurationList = 0767E580281202A3007CF6E7 /* Build configuration list for PBXProject "FoodTrucks" */;
			compatibilityVersion = "Xcode 13.0";
			developmentRegion = en;
			hasScannedForEncodings = 0;
			knownRegions = (
				en,
				Base,
			);
			mainGroup = 0767E57C281202A3007CF6E7;
			productRefGroup = 0767E586281202A3007CF6E7 /* Products */;
			projectDirPath = "";
			projectRoot = "";
			targets = (
				0767E584281202A3007CF6E7 /* FoodTrucks */,
			);
		};
/* End PBXProject section */

/* Begin PBXResourcesBuildPhase section */
		0767E583281202A3007CF6E7 /* Resources */ = {
			isa = PBXResourcesBuildPhase;
			buildActionMask = 2147483647;
			files = (
				0767E595281202A4007CF6E7 /* LaunchScreen.storyboard in Resources */,
				0767E592281202A4007CF6E7 /* Assets.xcassets in Resources */,
				0767E590281202A3007CF6E7 /* Main.storyboard in Resources */,
			);
			runOnlyForDeploymentPostprocessing = 0;
		};
/* End PBXResourcesBuildPhase section */

/* Begin PBXSourcesBuildPhase section */
		0767E581281202A3007CF6E7 /* Sources */ = {
			isa = PBXSourcesBuildPhase;
			buildActionMask = 2147483647;
			files = (
				0791E78528159D1D008CB250 /* AppSettings.swift in Sources */,
				0767E5A72812320C007CF6E7 /* FoodTruckDetailsView.swift in Sources */,
				0767E58D281202A3007CF6E7 /* FoodTrucksViewController.swift in Sources */,
				0767E5AD2812F781007CF6E7 /* FoodTrucksViewModel.swift in Sources */,
				0767E59D28120884007CF6E7 /* FoodTrucksListViewController.swift in Sources */,
				0767E5AF2812FDF0007CF6E7 /* FoodTruckDetailsViewTableCell.swift in Sources */,
				0767E5B828135B9B007CF6E7 /* FoodTruckMapAnnotation.swift in Sources */,
				0767E589281202A3007CF6E7 /* AppDelegate.swift in Sources */,
				0767E58B281202A3007CF6E7 /* SceneDelegate.swift in Sources */,
				0791E78828159F3B008CB250 /* Date+Helpers.swift in Sources */,
				0767E5AB2812334F007CF6E7 /* FoodTruck.swift in Sources */,
				0767E5A928123335007CF6E7 /* FoodTruckDetailsViewModel.swift in Sources */,
				0767E59F281208A6007CF6E7 /* FoodTrucksMapViewController.swift in Sources */,
				0767E5A5281211D3007CF6E7 /* APIClient.swift in Sources */,
			);
			runOnlyForDeploymentPostprocessing = 0;
		};
/* End PBXSourcesBuildPhase section */

/* Begin PBXVariantGroup section */
		0767E58E281202A3007CF6E7 /* Main.storyboard */ = {
			isa = PBXVariantGroup;
			children = (
				0767E58F281202A3007CF6E7 /* Base */,
			);
			name = Main.storyboard;
			sourceTree = "<group>";
		};
		0767E593281202A4007CF6E7 /* LaunchScreen.storyboard */ = {
			isa = PBXVariantGroup;
			children = (
				0767E594281202A4007CF6E7 /* Base */,
			);
			name = LaunchScreen.storyboard;
			sourceTree = "<group>";
		};
/* End PBXVariantGroup section */

/* Begin XCBuildConfiguration section */
		0767E597281202A4007CF6E7 /* Debug */ = {
			isa = XCBuildConfiguration;
			buildSettings = {
				ALWAYS_SEARCH_USER_PATHS = NO;
				CLANG_ANALYZER_NONNULL = YES;
				CLANG_ANALYZER_NUMBER_OBJECT_CONVERSION = YES_AGGRESSIVE;
				CLANG_CXX_LANGUAGE_STANDARD = "gnu++17";
				CLANG_ENABLE_MODULES = YES;
				CLANG_ENABLE_OBJC_ARC = YES;
				CLANG_ENABLE_OBJC_WEAK = YES;
				CLANG_WARN_BLOCK_CAPTURE_AUTORELEASING = YES;
				CLANG_WARN_BOOL_CONVERSION = YES;
				CLANG_WARN_COMMA = YES;
				CLANG_WARN_CONSTANT_CONVERSION = YES;
				CLANG_WARN_DEPRECATED_OBJC_IMPLEMENTATIONS = YES;
				CLANG_WARN_DIRECT_OBJC_ISA_USAGE = YES_ERROR;
				CLANG_WARN_DOCUMENTATION_COMMENTS = YES;
				CLANG_WARN_EMPTY_BODY = YES;
				CLANG_WARN_ENUM_CONVERSION = YES;
				CLANG_WARN_INFINITE_RECURSION = YES;
				CLANG_WARN_INT_CONVERSION = YES;
				CLANG_WARN_NON_LITERAL_NULL_CONVERSION = YES;
				CLANG_WARN_OBJC_IMPLICIT_RETAIN_SELF = YES;
				CLANG_WARN_OBJC_LITERAL_CONVERSION = YES;
				CLANG_WARN_OBJC_ROOT_CLASS = YES_ERROR;
				CLANG_WARN_QUOTED_INCLUDE_IN_FRAMEWORK_HEADER = YES;
				CLANG_WARN_RANGE_LOOP_ANALYSIS = YES;
				CLANG_WARN_STRICT_PROTOTYPES = YES;
				CLANG_WARN_SUSPICIOUS_MOVE = YES;
				CLANG_WARN_UNGUARDED_AVAILABILITY = YES_AGGRESSIVE;
				CLANG_WARN_UNREACHABLE_CODE = YES;
				CLANG_WARN__DUPLICATE_METHOD_MATCH = YES;
				COPY_PHASE_STRIP = NO;
				DEBUG_INFORMATION_FORMAT = dwarf;
				ENABLE_STRICT_OBJC_MSGSEND = YES;
				ENABLE_TESTABILITY = YES;
				ENABLE_USER_SCRIPT_SANDBOXING = YES;
				GCC_C_LANGUAGE_STANDARD = gnu11;
				GCC_DYNAMIC_NO_PIC = NO;
				GCC_NO_COMMON_BLOCKS = YES;
				GCC_OPTIMIZATION_LEVEL = 0;
				GCC_PREPROCESSOR_DEFINITIONS = (
					"DEBUG=1",
					"$(inherited)",
				);
				GCC_WARN_64_TO_32_BIT_CONVERSION = YES;
				GCC_WARN_ABOUT_RETURN_TYPE = YES_ERROR;
				GCC_WARN_UNDECLARED_SELECTOR = YES;
				GCC_WARN_UNINITIALIZED_AUTOS = YES_AGGRESSIVE;
				GCC_WARN_UNUSED_FUNCTION = YES;
				GCC_WARN_UNUSED_VARIABLE = YES;
				IPHONEOS_DEPLOYMENT_TARGET = 15.4;
				MTL_ENABLE_DEBUG_INFO = INCLUDE_SOURCE;
				MTL_FAST_MATH = YES;
				ONLY_ACTIVE_ARCH = YES;
				SDKROOT = iphoneos;
				SWIFT_ACTIVE_COMPILATION_CONDITIONS = DEBUG;
				SWIFT_OPTIMIZATION_LEVEL = "-Onone";
			};
			name = Debug;
		};
		0767E598281202A4007CF6E7 /* Release */ = {
			isa = XCBuildConfiguration;
			buildSettings = {
				ALWAYS_SEARCH_USER_PATHS = NO;
				CLANG_ANALYZER_NONNULL = YES;
				CLANG_ANALYZER_NUMBER_OBJECT_CONVERSION = YES_AGGRESSIVE;
				CLANG_CXX_LANGUAGE_STANDARD = "gnu++17";
				CLANG_ENABLE_MODULES = YES;
				CLANG_ENABLE_OBJC_ARC = YES;
				CLANG_ENABLE_OBJC_WEAK = YES;
				CLANG_WARN_BLOCK_CAPTURE_AUTORELEASING = YES;
				CLANG_WARN_BOOL_CONVERSION = YES;
				CLANG_WARN_COMMA = YES;
				CLANG_WARN_CONSTANT_CONVERSION = YES;
				CLANG_WARN_DEPRECATED_OBJC_IMPLEMENTATIONS = YES;
				CLANG_WARN_DIRECT_OBJC_ISA_USAGE = YES_ERROR;
				CLANG_WARN_DOCUMENTATION_COMMENTS = YES;
				CLANG_WARN_EMPTY_BODY = YES;
				CLANG_WARN_ENUM_CONVERSION = YES;
				CLANG_WARN_INFINITE_RECURSION = YES;
				CLANG_WARN_INT_CONVERSION = YES;
				CLANG_WARN_NON_LITERAL_NULL_CONVERSION = YES;
				CLANG_WARN_OBJC_IMPLICIT_RETAIN_SELF = YES;
				CLANG_WARN_OBJC_LITERAL_CONVERSION = YES;
				CLANG_WARN_OBJC_ROOT_CLASS = YES_ERROR;
				CLANG_WARN_QUOTED_INCLUDE_IN_FRAMEWORK_HEADER = YES;
				CLANG_WARN_RANGE_LOOP_ANALYSIS = YES;
				CLANG_WARN_STRICT_PROTOTYPES = YES;
				CLANG_WARN_SUSPICIOUS_MOVE = YES;
				CLANG_WARN_UNGUARDED_AVAILABILITY = YES_AGGRESSIVE;
				CLANG_WARN_UNREACHABLE_CODE = YES;
				CLANG_WARN__DUPLICATE_METHOD_MATCH = YES;
				COPY_PHASE_STRIP = NO;
				DEBUG_INFORMATION_FORMAT = "dwarf-with-dsym";
				ENABLE_NS_ASSERTIONS = NO;
				ENABLE_STRICT_OBJC_MSGSEND = YES;
				ENABLE_USER_SCRIPT_SANDBOXING = YES;
				GCC_C_LANGUAGE_STANDARD = gnu11;
				GCC_NO_COMMON_BLOCKS = YES;
				GCC_WARN_64_TO_32_BIT_CONVERSION = YES;
				GCC_WARN_ABOUT_RETURN_TYPE = YES_ERROR;
				GCC_WARN_UNDECLARED_SELECTOR = YES;
				GCC_WARN_UNINITIALIZED_AUTOS = YES_AGGRESSIVE;
				GCC_WARN_UNUSED_FUNCTION = YES;
				GCC_WARN_UNUSED_VARIABLE = YES;
				IPHONEOS_DEPLOYMENT_TARGET = 15.4;
				MTL_ENABLE_DEBUG_INFO = NO;
				MTL_FAST_MATH = YES;
				SDKROOT = iphoneos;
				SWIFT_COMPILATION_MODE = wholemodule;
				SWIFT_OPTIMIZATION_LEVEL = "-O";
				VALIDATE_PRODUCT = YES;
			};
			name = Release;
		};
		0767E59A281202A4007CF6E7 /* Debug */ = {
			isa = XCBuildConfiguration;
			buildSettings = {
				ASSETCATALOG_COMPILER_APPICON_NAME = AppIcon;
				ASSETCATALOG_COMPILER_GLOBAL_ACCENT_COLOR_NAME = AccentColor;
				CODE_SIGN_STYLE = Automatic;
				CURRENT_PROJECT_VERSION = 1;
				DEVELOPMENT_TEAM = 4GQTNT2RFQ;
				GENERATE_INFOPLIST_FILE = YES;
				INFOPLIST_FILE = FoodTrucks/Info.plist;
				INFOPLIST_KEY_UIApplicationSupportsIndirectInputEvents = YES;
				INFOPLIST_KEY_UILaunchStoryboardName = LaunchScreen;
				INFOPLIST_KEY_UIMainStoryboardFile = Main;
				INFOPLIST_KEY_UISupportedInterfaceOrientations_iPad = "UIInterfaceOrientationPortrait UIInterfaceOrientationPortraitUpsideDown UIInterfaceOrientationLandscapeLeft UIInterfaceOrientationLandscapeRight";
				INFOPLIST_KEY_UISupportedInterfaceOrientations_iPhone = "UIInterfaceOrientationPortrait UIInterfaceOrientationLandscapeLeft UIInterfaceOrientationLandscapeRight";
				LD_RUNPATH_SEARCH_PATHS = (
					"$(inherited)",
					"@executable_path/Frameworks",
				);
				MARKETING_VERSION = 1.0;
				PRODUCT_BUNDLE_IDENTIFIER = com.eric280.sample.FoodTrucks;
				PRODUCT_NAME = "$(TARGET_NAME)";
				SWIFT_EMIT_LOC_STRINGS = YES;
				SWIFT_VERSION = 5.0;
				TARGETED_DEVICE_FAMILY = "1,2";
			};
			name = Debug;
		};
		0767E59B281202A4007CF6E7 /* Release */ = {
			isa = XCBuildConfiguration;
			buildSettings = {
				ASSETCATALOG_COMPILER_APPICON_NAME = AppIcon;
				ASSETCATALOG_COMPILER_GLOBAL_ACCENT_COLOR_NAME = AccentColor;
				CODE_SIGN_STYLE = Automatic;
				CURRENT_PROJECT_VERSION = 1;
				DEVELOPMENT_TEAM = 4GQTNT2RFQ;
				GENERATE_INFOPLIST_FILE = YES;
				INFOPLIST_FILE = FoodTrucks/Info.plist;
				INFOPLIST_KEY_UIApplicationSupportsIndirectInputEvents = YES;
				INFOPLIST_KEY_UILaunchStoryboardName = LaunchScreen;
				INFOPLIST_KEY_UIMainStoryboardFile = Main;
				INFOPLIST_KEY_UISupportedInterfaceOrientations_iPad = "UIInterfaceOrientationPortrait UIInterfaceOrientationPortraitUpsideDown UIInterfaceOrientationLandscapeLeft UIInterfaceOrientationLandscapeRight";
				INFOPLIST_KEY_UISupportedInterfaceOrientations_iPhone = "UIInterfaceOrientationPortrait UIInterfaceOrientationLandscapeLeft UIInterfaceOrientationLandscapeRight";
				LD_RUNPATH_SEARCH_PATHS = (
					"$(inherited)",
					"@executable_path/Frameworks",
				);
				MARKETING_VERSION = 1.0;
				PRODUCT_BUNDLE_IDENTIFIER = com.eric280.sample.FoodTrucks;
				PRODUCT_NAME = "$(TARGET_NAME)";
				SWIFT_EMIT_LOC_STRINGS = YES;
				SWIFT_VERSION = 5.0;
				TARGETED_DEVICE_FAMILY = "1,2";
			};
			name = Release;
		};
/* End XCBuildConfiguration section */

/* Begin XCConfigurationList section */
		0767E580281202A3007CF6E7 /* Build configuration list for PBXProject "FoodTrucks" */ = {
			isa = XCConfigurationList;
			buildConfigurations = (
				0767E597281202A4007CF6E7 /* Debug */,
				0767E598281202A4007CF6E7 /* Release */,
			);
			defaultConfigurationIsVisible = 0;
			defaultConfigurationName = Release;
		};
		0767E599281202A4007CF6E7 /* Build configuration list for PBXNativeTarget "FoodTrucks" */ = {
			isa = XCConfigurationList;
			buildConfigurations = (
				0767E59A281202A4007CF6E7 /* Debug */,
				0767E59B281202A4007CF6E7 /* Release */,
			);
			defaultConfigurationIsVisible = 0;
			defaultConfigurationName = Release;
		};
/* End XCConfigurationList section */
	};
	rootObject = 0767E57D281202A3007CF6E7 /* Project object */;
}
